
Microsoft Visual Studio Solution File, Format Version 12.00
# Visual Studio Version 17
VisualStudioVersion = 17.3.32825.248
MinimumVisualStudioVersion = 10.0.40219.1
Project("{9A19103F-16F7-4668-BE54-9A1E7A4F7556}") = "Diagonal-Matrix", "Diagonal-Matrix\Diagonal-Matrix.csproj", "{7F0957F5-90C0-4B9D-B422-75B3B8C35624}"
EndProject
Project("{9A19103F-16F7-4668-BE54-9A1E7A4F7556}") = "ShuffleTheArray", "ShuffleTheArray\ShuffleTheArray.csproj", "{7BF3AE87-8A1B-4604-A544-A55486D015D5}"
EndProject
Project("{9A19103F-16F7-4668-BE54-9A1E7A4F7556}") = "RichestCustomerWealth01", "RichestCustomerWealth01\RichestCustomerWealth01.csproj", "{613CB2BC-B4D8-4199-9B1D-27688BA80B88}"
EndProject
Project("{9A19103F-16F7-4668-BE54-9A1E7A4F7556}") = "MinimumSumofFourDigiNumberAfterSplittingDigits", "MinimumSumofFourDigiNumberAfterSplittingDigits\MinimumSumofFourDigiNumberAfterSplittingDigits.csproj", "{98120BE4-4AD0-45F3-AA54-9D42A8E31EDC}"
EndProject
Project("{9A19103F-16F7-4668-BE54-9A1E7A4F7556}") = "MaximumNumberofWordsFoundInSentences", "MaximumNumberofWordsFoundInSentences\MaximumNumberofWordsFoundInSentences.csproj", "{DDDFB28A-2206-4934-BA21-749F0A202CEE}"
EndProject
Project("{9A19103F-16F7-4668-BE54-9A1E7A4F7556}") = "FindaCorrespondingNodeofaBinaryTreeinaCloneofThatTree", "FindaCorrespondingNodeofaBinaryTreeinaCloneofThatTree\FindaCorrespondingNodeofaBinaryTreeinaCloneofThatTree.csproj", "{CCD43105-AA74-4CBE-AF36-224EFE0D3224}"
EndProject
Project("{9A19103F-16F7-4668-BE54-9A1E7A4F7556}") = "SubtractTheProductandSumOfDigitsofanInteger", "SubtractTheProductandSumOfDigitsofanInteger\SubtractTheProductandSumOfDigitsofanInteger.csproj", "{3B5E18C2-DAAC-4E6A-B026-2F516BFDEE45}"
EndProject
Project("{9A19103F-16F7-4668-BE54-9A1E7A4F7556}") = "HowManyNumbersAreSmallerThantheCurrentNumber", "HowManyNumbersAreSmallerThantheCurrentNumber\HowManyNumbersAreSmallerThantheCurrentNumber.csproj", "{E96A62F3-AEDB-4032-A2DB-EBB0CDF0751A}"
EndProject
Project("{9A19103F-16F7-4668-BE54-9A1E7A4F7556}") = "DecodeXORedArray", "DecodeXORedArray\DecodeXORedArray.csproj", "{23DF8B00-4D7C-40A7-A1DF-79675C1892F6}"
EndProject
Project("{9A19103F-16F7-4668-BE54-9A1E7A4F7556}") = "CreateTargetArrayintheGivenOrder", "CreateTargetArrayintheGivenOrder\CreateTargetArrayintheGivenOrder.csproj", "{51C842A8-43D3-4808-83E5-B6E63A0095DF}"
EndProject
Project("{9A19103F-16F7-4668-BE54-9A1E7A4F7556}") = "DecompressRun-LengthEncodedList", "DecompressRun-LengthEncodedList\DecompressRun-LengthEncodedList.csproj", "{92B84CE3-12B7-4F2B-8F2A-4EFD8D5C6D56}"
EndProject
Project("{9A19103F-16F7-4668-BE54-9A1E7A4F7556}") = "CellsinaRangeonanExcelSheet", "CellsinaRangeonanExcelSheet\CellsinaRangeonanExcelSheet.csproj", "{4F8D4CC9-198E-4B29-A25C-B61954B2A78D}"
EndProject
Project("{9A19103F-16F7-4668-BE54-9A1E7A4F7556}") = "SplitaStringinBalanceStrings", "SplitaStringinBalanceStrings\SplitaStringinBalanceStrings.csproj", "{4B3E5C33-7C21-4472-82DE-3EBCDA911EFB}"
EndProject
Project("{9A19103F-16F7-4668-BE54-9A1E7A4F7556}") = "CounttheDigitsThatDivideaNumber", "CounttheDigitsThatDivideaNumber\CounttheDigitsThatDivideaNumber.csproj", "{0C62A6F2-39C7-4DB4-BC94-2DA237064023}"
EndProject
Project("{9A19103F-16F7-4668-BE54-9A1E7A4F7556}") = "2325DecodeTheMessage", "2325DecodeTheMessage\2325DecodeTheMessage.csproj", "{6D03E0AF-6076-4D5E-AFA6-5E5F07724BB0}"
EndProject
Project("{9A19103F-16F7-4668-BE54-9A1E7A4F7556}") = "1773CountItemsMatchingRule", "1773CountItemsMatchingRule\1773CountItemsMatchingRule.csproj", "{A4CB82E0-2435-4A8F-BA1A-C75C5B3B796D}"
EndProject
Project("{9A19103F-16F7-4668-BE54-9A1E7A4F7556}") = "1859SortingtheSentence", "1859SortingtheSentence\1859SortingtheSentence.csproj", "{C3FAA91E-5F85-41D4-91D1-8CF6CA8F954C}"
EndProject
Project("{9A19103F-16F7-4668-BE54-9A1E7A4F7556}") = "2367NumberOfArithmeticTriplets", "2367NumberOfArithmeticTriplets\2367NumberOfArithmeticTriplets.csproj", "{DFADC9A8-6175-4BC9-978C-86A651FF0CFE}"
EndProject
Project("{9A19103F-16F7-4668-BE54-9A1E7A4F7556}") = "1791FindCenterofStartGraph", "1791FindCenterofStartGraph\1791FindCenterofStartGraph.csproj", "{1B627DD6-D560-4E55-B2BA-A5925D10B1C7}"
EndProject
Project("{9A19103F-16F7-4668-BE54-9A1E7A4F7556}") = "1588SumofAllOddLengthSubarrays", "1588SumofAllOddLengthSubarrays\1588SumofAllOddLengthSubarrays.csproj", "{FE13ACE8-71EF-46CC-BDEB-85ABBE81A4D6}"
EndProject
Project("{FAE04EC0-301F-11D3-BF4B-00C04F79EFBC}") = "1688CountOfMatchesinTournament", "1688CountOfMatchesinTournament\1688CountOfMatchesinTournament.csproj", "{59FD1D20-6BFE-45F6-89F2-E9358FE6B9D1}"
EndProject
Global
	GlobalSection(SolutionConfigurationPlatforms) = preSolution
		Debug|Any CPU = Debug|Any CPU
		Release|Any CPU = Release|Any CPU
	EndGlobalSection
	GlobalSection(ProjectConfigurationPlatforms) = postSolution
		{7F0957F5-90C0-4B9D-B422-75B3B8C35624}.Debug|Any CPU.ActiveCfg = Debug|Any CPU
		{7F0957F5-90C0-4B9D-B422-75B3B8C35624}.Debug|Any CPU.Build.0 = Debug|Any CPU
		{7F0957F5-90C0-4B9D-B422-75B3B8C35624}.Release|Any CPU.ActiveCfg = Release|Any CPU
		{7F0957F5-90C0-4B9D-B422-75B3B8C35624}.Release|Any CPU.Build.0 = Release|Any CPU
		{7BF3AE87-8A1B-4604-A544-A55486D015D5}.Debug|Any CPU.ActiveCfg = Debug|Any CPU
		{7BF3AE87-8A1B-4604-A544-A55486D015D5}.Debug|Any CPU.Build.0 = Debug|Any CPU
		{7BF3AE87-8A1B-4604-A544-A55486D015D5}.Release|Any CPU.ActiveCfg = Release|Any CPU
		{7BF3AE87-8A1B-4604-A544-A55486D015D5}.Release|Any CPU.Build.0 = Release|Any CPU
		{613CB2BC-B4D8-4199-9B1D-27688BA80B88}.Debug|Any CPU.ActiveCfg = Debug|Any CPU
		{613CB2BC-B4D8-4199-9B1D-27688BA80B88}.Debug|Any CPU.Build.0 = Debug|Any CPU
		{613CB2BC-B4D8-4199-9B1D-27688BA80B88}.Release|Any CPU.ActiveCfg = Release|Any CPU
		{613CB2BC-B4D8-4199-9B1D-27688BA80B88}.Release|Any CPU.Build.0 = Release|Any CPU
		{98120BE4-4AD0-45F3-AA54-9D42A8E31EDC}.Debug|Any CPU.ActiveCfg = Debug|Any CPU
		{98120BE4-4AD0-45F3-AA54-9D42A8E31EDC}.Debug|Any CPU.Build.0 = Debug|Any CPU
		{98120BE4-4AD0-45F3-AA54-9D42A8E31EDC}.Release|Any CPU.ActiveCfg = Release|Any CPU
		{98120BE4-4AD0-45F3-AA54-9D42A8E31EDC}.Release|Any CPU.Build.0 = Release|Any CPU
		{DDDFB28A-2206-4934-BA21-749F0A202CEE}.Debug|Any CPU.ActiveCfg = Debug|Any CPU
		{DDDFB28A-2206-4934-BA21-749F0A202CEE}.Debug|Any CPU.Build.0 = Debug|Any CPU
		{DDDFB28A-2206-4934-BA21-749F0A202CEE}.Release|Any CPU.ActiveCfg = Release|Any CPU
		{DDDFB28A-2206-4934-BA21-749F0A202CEE}.Release|Any CPU.Build.0 = Release|Any CPU
		{CCD43105-AA74-4CBE-AF36-224EFE0D3224}.Debug|Any CPU.ActiveCfg = Debug|Any CPU
		{CCD43105-AA74-4CBE-AF36-224EFE0D3224}.Debug|Any CPU.Build.0 = Debug|Any CPU
		{CCD43105-AA74-4CBE-AF36-224EFE0D3224}.Release|Any CPU.ActiveCfg = Release|Any CPU
		{CCD43105-AA74-4CBE-AF36-224EFE0D3224}.Release|Any CPU.Build.0 = Release|Any CPU
		{3B5E18C2-DAAC-4E6A-B026-2F516BFDEE45}.Debug|Any CPU.ActiveCfg = Debug|Any CPU
		{3B5E18C2-DAAC-4E6A-B026-2F516BFDEE45}.Debug|Any CPU.Build.0 = Debug|Any CPU
		{3B5E18C2-DAAC-4E6A-B026-2F516BFDEE45}.Release|Any CPU.ActiveCfg = Release|Any CPU
		{3B5E18C2-DAAC-4E6A-B026-2F516BFDEE45}.Release|Any CPU.Build.0 = Release|Any CPU
		{E96A62F3-AEDB-4032-A2DB-EBB0CDF0751A}.Debug|Any CPU.ActiveCfg = Debug|Any CPU
		{E96A62F3-AEDB-4032-A2DB-EBB0CDF0751A}.Debug|Any CPU.Build.0 = Debug|Any CPU
		{E96A62F3-AEDB-4032-A2DB-EBB0CDF0751A}.Release|Any CPU.ActiveCfg = Release|Any CPU
		{E96A62F3-AEDB-4032-A2DB-EBB0CDF0751A}.Release|Any CPU.Build.0 = Release|Any CPU
		{23DF8B00-4D7C-40A7-A1DF-79675C1892F6}.Debug|Any CPU.ActiveCfg = Debug|Any CPU
		{23DF8B00-4D7C-40A7-A1DF-79675C1892F6}.Debug|Any CPU.Build.0 = Debug|Any CPU
		{23DF8B00-4D7C-40A7-A1DF-79675C1892F6}.Release|Any CPU.ActiveCfg = Release|Any CPU
		{23DF8B00-4D7C-40A7-A1DF-79675C1892F6}.Release|Any CPU.Build.0 = Release|Any CPU
		{51C842A8-43D3-4808-83E5-B6E63A0095DF}.Debug|Any CPU.ActiveCfg = Debug|Any CPU
		{51C842A8-43D3-4808-83E5-B6E63A0095DF}.Debug|Any CPU.Build.0 = Debug|Any CPU
		{51C842A8-43D3-4808-83E5-B6E63A0095DF}.Release|Any CPU.ActiveCfg = Release|Any CPU
		{51C842A8-43D3-4808-83E5-B6E63A0095DF}.Release|Any CPU.Build.0 = Release|Any CPU
		{92B84CE3-12B7-4F2B-8F2A-4EFD8D5C6D56}.Debug|Any CPU.ActiveCfg = Debug|Any CPU
		{92B84CE3-12B7-4F2B-8F2A-4EFD8D5C6D56}.Debug|Any CPU.Build.0 = Debug|Any CPU
		{92B84CE3-12B7-4F2B-8F2A-4EFD8D5C6D56}.Release|Any CPU.ActiveCfg = Release|Any CPU
		{92B84CE3-12B7-4F2B-8F2A-4EFD8D5C6D56}.Release|Any CPU.Build.0 = Release|Any CPU
		{4F8D4CC9-198E-4B29-A25C-B61954B2A78D}.Debug|Any CPU.ActiveCfg = Debug|Any CPU
		{4F8D4CC9-198E-4B29-A25C-B61954B2A78D}.Debug|Any CPU.Build.0 = Debug|Any CPU
		{4F8D4CC9-198E-4B29-A25C-B61954B2A78D}.Release|Any CPU.ActiveCfg = Release|Any CPU
		{4F8D4CC9-198E-4B29-A25C-B61954B2A78D}.Release|Any CPU.Build.0 = Release|Any CPU
		{4B3E5C33-7C21-4472-82DE-3EBCDA911EFB}.Debug|Any CPU.ActiveCfg = Debug|Any CPU
		{4B3E5C33-7C21-4472-82DE-3EBCDA911EFB}.Debug|Any CPU.Build.0 = Debug|Any CPU
		{4B3E5C33-7C21-4472-82DE-3EBCDA911EFB}.Release|Any CPU.ActiveCfg = Release|Any CPU
		{4B3E5C33-7C21-4472-82DE-3EBCDA911EFB}.Release|Any CPU.Build.0 = Release|Any CPU
		{0C62A6F2-39C7-4DB4-BC94-2DA237064023}.Debug|Any CPU.ActiveCfg = Debug|Any CPU
		{0C62A6F2-39C7-4DB4-BC94-2DA237064023}.Debug|Any CPU.Build.0 = Debug|Any CPU
		{0C62A6F2-39C7-4DB4-BC94-2DA237064023}.Release|Any CPU.ActiveCfg = Release|Any CPU
		{0C62A6F2-39C7-4DB4-BC94-2DA237064023}.Release|Any CPU.Build.0 = Release|Any CPU
		{6D03E0AF-6076-4D5E-AFA6-5E5F07724BB0}.Debug|Any CPU.ActiveCfg = Debug|Any CPU
		{6D03E0AF-6076-4D5E-AFA6-5E5F07724BB0}.Debug|Any CPU.Build.0 = Debug|Any CPU
		{6D03E0AF-6076-4D5E-AFA6-5E5F07724BB0}.Release|Any CPU.ActiveCfg = Release|Any CPU
		{6D03E0AF-6076-4D5E-AFA6-5E5F07724BB0}.Release|Any CPU.Build.0 = Release|Any CPU
		{A4CB82E0-2435-4A8F-BA1A-C75C5B3B796D}.Debug|Any CPU.ActiveCfg = Debug|Any CPU
		{A4CB82E0-2435-4A8F-BA1A-C75C5B3B796D}.Debug|Any CPU.Build.0 = Debug|Any CPU
		{A4CB82E0-2435-4A8F-BA1A-C75C5B3B796D}.Release|Any CPU.ActiveCfg = Release|Any CPU
		{A4CB82E0-2435-4A8F-BA1A-C75C5B3B796D}.Release|Any CPU.Build.0 = Release|Any CPU
		{C3FAA91E-5F85-41D4-91D1-8CF6CA8F954C}.Debug|Any CPU.ActiveCfg = Debug|Any CPU
		{C3FAA91E-5F85-41D4-91D1-8CF6CA8F954C}.Debug|Any CPU.Build.0 = Debug|Any CPU
		{C3FAA91E-5F85-41D4-91D1-8CF6CA8F954C}.Release|Any CPU.ActiveCfg = Release|Any CPU
		{C3FAA91E-5F85-41D4-91D1-8CF6CA8F954C}.Release|Any CPU.Build.0 = Release|Any CPU
		{DFADC9A8-6175-4BC9-978C-86A651FF0CFE}.Debug|Any CPU.ActiveCfg = Debug|Any CPU
		{DFADC9A8-6175-4BC9-978C-86A651FF0CFE}.Debug|Any CPU.Build.0 = Debug|Any CPU
		{DFADC9A8-6175-4BC9-978C-86A651FF0CFE}.Release|Any CPU.ActiveCfg = Release|Any CPU
		{DFADC9A8-6175-4BC9-978C-86A651FF0CFE}.Release|Any CPU.Build.0 = Release|Any CPU
		{1B627DD6-D560-4E55-B2BA-A5925D10B1C7}.Debug|Any CPU.ActiveCfg = Debug|Any CPU
		{1B627DD6-D560-4E55-B2BA-A5925D10B1C7}.Debug|Any CPU.Build.0 = Debug|Any CPU
		{1B627DD6-D560-4E55-B2BA-A5925D10B1C7}.Release|Any CPU.ActiveCfg = Release|Any CPU
		{1B627DD6-D560-4E55-B2BA-A5925D10B1C7}.Release|Any CPU.Build.0 = Release|Any CPU
		{FE13ACE8-71EF-46CC-BDEB-85ABBE81A4D6}.Debug|Any CPU.ActiveCfg = Debug|Any CPU
		{FE13ACE8-71EF-46CC-BDEB-85ABBE81A4D6}.Debug|Any CPU.Build.0 = Debug|Any CPU
		{FE13ACE8-71EF-46CC-BDEB-85ABBE81A4D6}.Release|Any CPU.ActiveCfg = Release|Any CPU
		{FE13ACE8-71EF-46CC-BDEB-85ABBE81A4D6}.Release|Any CPU.Build.0 = Release|Any CPU
		{59FD1D20-6BFE-45F6-89F2-E9358FE6B9D1}.Debug|Any CPU.ActiveCfg = Debug|Any CPU
		{59FD1D20-6BFE-45F6-89F2-E9358FE6B9D1}.Debug|Any CPU.Build.0 = Debug|Any CPU
		{59FD1D20-6BFE-45F6-89F2-E9358FE6B9D1}.Release|Any CPU.ActiveCfg = Release|Any CPU
		{59FD1D20-6BFE-45F6-89F2-E9358FE6B9D1}.Release|Any CPU.Build.0 = Release|Any CPU
	EndGlobalSection
	GlobalSection(SolutionProperties) = preSolution
		HideSolutionNode = FALSE
	EndGlobalSection
	GlobalSection(ExtensibilityGlobals) = postSolution
		SolutionGuid = {387C1D49-07AE-42D9-BF75-B01E4FC16E56}
	EndGlobalSection
EndGlobal
